// !$*UTF8*$!
{
	archiveVersion = 1;
	classes = {
	};
	objectVersion = 50;
	objects = {

/* Begin PBXBuildFile section */
		B2DC69B5243956BA00FAC895 /* AppDelegate.swift in Sources */ = {isa = PBXBuildFile; fileRef = B2DC69B4243956BA00FAC895 /* AppDelegate.swift */; };
		B2DC69B7243956BA00FAC895 /* SceneDelegate.swift in Sources */ = {isa = PBXBuildFile; fileRef = B2DC69B6243956BA00FAC895 /* SceneDelegate.swift */; };
		B2DC69B9243956BA00FAC895 /* ContentView.swift in Sources */ = {isa = PBXBuildFile; fileRef = B2DC69B8243956BA00FAC895 /* ContentView.swift */; };
		B2DC69BB243956BA00FAC895 /* Assets.xcassets in Resources */ = {isa = PBXBuildFile; fileRef = B2DC69BA243956BA00FAC895 /* Assets.xcassets */; };
		B2DC69BE243956BA00FAC895 /* Preview Assets.xcassets in Resources */ = {isa = PBXBuildFile; fileRef = B2DC69BD243956BA00FAC895 /* Preview Assets.xcassets */; };
		B2DC69C1243956BA00FAC895 /* LaunchScreen.storyboard in Resources */ = {isa = PBXBuildFile; fileRef = B2DC69BF243956BA00FAC895 /* LaunchScreen.storyboard */; };
/* End PBXBuildFile section */

/* Begin PBXFileReference section */
		B2DC69B1243956BA00FAC895 /* SaulCard.app */ = {isa = PBXFileReference; explicitFileType = wrapper.application; includeInIndex = 0; path = SaulCard.app; sourceTree = BUILT_PRODUCTS_DIR; };
		B2DC69B4243956BA00FAC895 /* AppDelegate.swift */ = {isa = PBXFileReference; lastKnownFileType = sourcecode.swift; path = AppDelegate.swift; sourceTree = "<group>"; };
		B2DC69B6243956BA00FAC895 /* SceneDelegate.swift */ = {isa = PBXFileReference; lastKnownFileType = sourcecode.swift; path = SceneDelegate.swift; sourceTree = "<group>"; };
		B2DC69B8243956BA00FAC895 /* ContentView.swift */ = {isa = PBXFileReference; lastKnownFileType = sourcecode.swift; path = ContentView.swift; sourceTree = "<group>"; };
		B2DC69BA243956BA00FAC895 /* Assets.xcassets */ = {isa = PBXFileReference; lastKnownFileType = folder.assetcatalog; path = Assets.xcassets; sourceTree = "<group>"; };
		B2DC69BD243956BA00FAC895 /* Preview Assets.xcassets */ = {isa = PBXFileReference; lastKnownFileType = folder.assetcatalog; path = "Preview Assets.xcassets"; sourceTree = "<group>"; };
		B2DC69C0243956BA00FAC895 /* Base */ = {isa = PBXFileReference; lastKnownFileType = file.storyboard; name = Base; path = Base.lproj/LaunchScreen.storyboard; sourceTree = "<group>"; };
		B2DC69C2243956BA00FAC895 /* Info.plist */ = {isa = PBXFileReference; lastKnownFileType = text.plist.xml; path = Info.plist; sourceTree = "<group>"; };
/* End PBXFileReference section */

/* Begin PBXFrameworksBuildPhase section */
		B2DC69AE243956B900FAC895 /* Frameworks */ = {
			isa = PBXFrameworksBuildPhase;
			buildActionMask = 2147483647;
			files = (
			);
			runOnlyForDeploymentPostprocessing = 0;
		};
/* End PBXFrameworksBuildPhase section */

/* Begin PBXGroup section */
		B2DC69A8243956B900FAC895 = {
			isa = PBXGroup;
			children = (
				B2DC69B3243956BA00FAC895 /* SaulCard */,
				B2DC69B2243956BA00FAC895 /* Products */,
			);
			sourceTree = "<group>";
		};
		B2DC69B2243956BA00FAC895 /* Products */ = {
			isa = PBXGroup;
			children = (
				B2DC69B1243956BA00FAC895 /* SaulCard.app */,
			);
			name = Products;
			sourceTree = "<group>";
		};
		B2DC69B3243956BA00FAC895 /* SaulCard */ = {
			isa = PBXGroup;
			children = (
				B2DC69B4243956BA00FAC895 /* AppDelegate.swift */,
				B2DC69B6243956BA00FAC895 /* SceneDelegate.swift */,
				B2DC69B8243956BA00FAC895 /* ContentView.swift */,
				B2DC69BA243956BA00FAC895 /* Assets.xcassets */,
				B2DC69BF243956BA00FAC895 /* LaunchScreen.storyboard */,
				B2DC69C2243956BA00FAC895 /* Info.plist */,
				B2DC69BC243956BA00FAC895 /* Preview Content */,
			);
			path = SaulCard;
			sourceTree = "<group>";
		};
		B2DC69BC243956BA00FAC895 /* Preview Content */ = {
			isa = PBXGroup;
			children = (
				B2DC69BD243956BA00FAC895 /* Preview Assets.xcassets */,
			);
			path = "Preview Content";
			sourceTree = "<group>";
		};
/* End PBXGroup section */

/* Begin PBXNativeTarget section */
		B2DC69B0243956B900FAC895 /* SaulCard */ = {
			isa = PBXNativeTarget;
			buildConfigurationList = B2DC69C5243956BA00FAC895 /* Build configuration list for PBXNativeTarget "SaulCard" */;
			buildPhases = (
				B2DC69AD243956B900FAC895 /* Sources */,
				B2DC69AE243956B900FAC895 /* Frameworks */,
				B2DC69AF243956B900FAC895 /* Resources */,
			);
			buildRules = (
			);
			dependencies = (
			);
			name = SaulCard;
			productName = SaulCard;
			productReference = B2DC69B1243956BA00FAC895 /* SaulCard.app */;
			productType = "com.apple.product-type.application";
		};
/* End PBXNativeTarget section */

/* Begin PBXProject section */
		B2DC69A9243956B900FAC895 /* Project object */ = {
			isa = PBXProject;
			attributes = {
				LastSwiftUpdateCheck = 1140;
				LastUpgradeCheck = 1140;
				ORGANIZATIONNAME = "Saul Rivera";
				TargetAttributes = {
					B2DC69B0243956B900FAC895 = {
						CreatedOnToolsVersion = 11.4;
					};
				};
			};
			buildConfigurationList = B2DC69AC243956B900FAC895 /* Build configuration list for PBXProject "SaulCard" */;
			compatibilityVersion = "Xcode 9.3";
			developmentRegion = en;
			hasScannedForEncodings = 0;
			knownRegions = (
				en,
				Base,
			);
			mainGroup = B2DC69A8243956B900FAC895;
			productRefGroup = B2DC69B2243956BA00FAC895 /* Products */;
			projectDirPath = "";
			projectRoot = "";
			targets = (
				B2DC69B0243956B900FAC895 /* SaulCard */,
			);
		};
/* End PBXProject section */

/* Begin PBXResourcesBuildPhase section */
		B2DC69AF243956B900FAC895 /* Resources */ = {
			isa = PBXResourcesBuildPhase;
			buildActionMask = 2147483647;
			files = (
				B2DC69C1243956BA00FAC895 /* LaunchScreen.storyboard in Resources */,
				B2DC69BE243956BA00FAC895 /* Preview Assets.xcassets in Resources */,
				B2DC69BB243956BA00FAC895 /* Assets.xcassets in Resources */,
			);
			runOnlyForDeploymentPostprocessing = 0;
		};
/* End PBXResourcesBuildPhase section */

/* Begin PBXSourcesBuildPhase section */
		B2DC69AD243956B900FAC895 /* Sources */ = {
			isa = PBXSourcesBuildPhase;
			buildActionMask = 2147483647;
			files = (
				B2DC69B5243956BA00FAC895 /* AppDelegate.swift in Sources */,
				B2DC69B7243956BA00FAC895 /* SceneDelegate.swift in Sources */,
				B2DC69B9243956BA00FAC895 /* ContentView.swift in Sources */,
			);
			runOnlyForDeploymentPostprocessing = 0;
		};
/* End PBXSourcesBuildPhase section */

/* Begin PBXVariantGroup section */
		B2DC69BF243956BA00FAC895 /* LaunchScreen.storyboard */ = {
			isa = PBXVariantGroup;
			children = (
				B2DC69C0243956BA00FAC895 /* Base */,
			);
			name = LaunchScreen.storyboard;
			sourceTree = "<group>";
		};
/* End PBXVariantGroup section */

/* Begin XCBuildConfiguration section */
		B2DC69C3243956BA00FAC895 /* Debug */ = {
			isa = XCBuildConfiguration;
			buildSettings = {
				ALWAYS_SEARCH_USER_PATHS = NO;
				CLANG_ANALYZER_NONNULL = YES;
				CLANG_ANALYZER_NUMBER_OBJECT_CONVERSION = YES_AGGRESSIVE;
				CLANG_CXX_LANGUAGE_STANDARD = "gnu++14";
				CLANG_CXX_LIBRARY = "libc++";
				CLANG_ENABLE_MODULES = YES;
				CLANG_ENABLE_OBJC_ARC = YES;
				CLANG_ENABLE_OBJC_WEAK = YES;
				CLANG_WARN_BLOCK_CAPTURE_AUTORELEASING = YES;
				CLANG_WARN_BOOL_CONVERSION = YES;
				CLANG_WARN_COMMA = YES;
				CLANG_WARN_CONSTANT_CONVERSION = YES;
				CLANG_WARN_DEPRECATED_OBJC_IMPLEMENTATIONS = YES;
				CLANG_WARN_DIRECT_OBJC_ISA_USAGE = YES_ERROR;
				CLANG_WARN_DOCUMENTATION_COMMENTS = YES;
				CLANG_WARN_EMPTY_BODY = YES;
				CLANG_WARN_ENUM_CONVERSION = YES;
				CLANG_WARN_INFINITE_RECURSION = YES;
				CLANG_WARN_INT_CONVERSION = YES;
				CLANG_WARN_NON_LITERAL_NULL_CONVERSION = YES;
				CLANG_WARN_OBJC_IMPLICIT_RETAIN_SELF = YES;
				CLANG_WARN_OBJC_LITERAL_CONVERSION = YES;
				CLANG_WARN_OBJC_ROOT_CLASS = YES_ERROR;
				CLANG_WARN_RANGE_LOOP_ANALYSIS = YES;
				CLANG_WARN_STRICT_PROTOTYPES = YES;
				CLANG_WARN_SUSPICIOUS_MOVE = YES;
				CLANG_WARN_UNGUARDED_AVAILABILITY = YES_AGGRESSIVE;
				CLANG_WARN_UNREACHABLE_CODE = YES;
				CLANG_WARN__DUPLICATE_METHOD_MATCH = YES;
				COPY_PHASE_STRIP = NO;
				DEBUG_INFORMATION_FORMAT = dwarf;
				ENABLE_STRICT_OBJC_MSGSEND = YES;
				ENABLE_TESTABILITY = YES;
				GCC_C_LANGUAGE_STANDARD = gnu11;
				GCC_DYNAMIC_NO_PIC = NO;
				GCC_NO_COMMON_BLOCKS = YES;
				GCC_OPTIMIZATION_LEVEL = 0;
				GCC_PREPROCESSOR_DEFINITIONS = (
					"DEBUG=1",
					"$(inherited)",
				);
				GCC_WARN_64_TO_32_BIT_CONVERSION = YES;
				GCC_WARN_ABOUT_RETURN_TYPE = YES_ERROR;
				GCC_WARN_UNDECLARED_SELECTOR = YES;
				GCC_WARN_UNINITIALIZED_AUTOS = YES_AGGRESSIVE;
				GCC_WARN_UNUSED_FUNCTION = YES;
				GCC_WARN_UNUSED_VARIABLE = YES;
				IPHONEOS_DEPLOYMENT_TARGET = 13.4;
				MTL_ENABLE_DEBUG_INFO = INCLUDE_SOURCE;
				MTL_FAST_MATH = YES;
				ONLY_ACTIVE_ARCH = YES;
				SDKROOT = iphoneos;
				SWIFT_ACTIVE_COMPILATION_CONDITIONS = DEBUG;
				SWIFT_OPTIMIZATION_LEVEL = "-Onone";
			};
			name = Debug;
		};
		B2DC69C4243956BA00FAC895 /* Release */ = {
			isa = XCBuildConfiguration;
			buildSettings = {
				ALWAYS_SEARCH_USER_PATHS = NO;
				CLANG_ANALYZER_NONNULL = YES;
				CLANG_ANALYZER_NUMBER_OBJECT_CONVERSION = YES_AGGRESSIVE;
				CLANG_CXX_LANGUAGE_STANDARD = "gnu++14";
				CLANG_CXX_LIBRARY = "libc++";
				CLANG_ENABLE_MODULES = YES;
				CLANG_ENABLE_OBJC_ARC = YES;
				CLANG_ENABLE_OBJC_WEAK = YES;
				CLANG_WARN_BLOCK_CAPTURE_AUTORELEASING = YES;
				CLANG_WARN_BOOL_CONVERSION = YES;
				CLANG_WARN_COMMA = YES;
				CLANG_WARN_CONSTANT_CONVERSION = YES;
				CLANG_WARN_DEPRECATED_OBJC_IMPLEMENTATIONS = YES;
				CLANG_WARN_DIRECT_OBJC_ISA_USAGE = YES_ERROR;
				CLANG_WARN_DOCUMENTATION_COMMENTS = YES;
				CLANG_WARN_EMPTY_BODY = YES;
				CLANG_WARN_ENUM_CONVERSION = YES;
				CLANG_WARN_INFINITE_RECURSION = YES;
				CLANG_WARN_INT_CONVERSION = YES;
				CLANG_WARN_NON_LITERAL_NULL_CONVERSION = YES;
				CLANG_WARN_OBJC_IMPLICIT_RETAIN_SELF = YES;
				CLANG_WARN_OBJC_LITERAL_CONVERSION = YES;
				CLANG_WARN_OBJC_ROOT_CLASS = YES_ERROR;
				CLANG_WARN_RANGE_LOOP_ANALYSIS = YES;
				CLANG_WARN_STRICT_PROTOTYPES = YES;
				CLANG_WARN_SUSPICIOUS_MOVE = YES;
				CLANG_WARN_UNGUARDED_AVAILABILITY = YES_AGGRESSIVE;
				CLANG_WARN_UNREACHABLE_CODE = YES;
				CLANG_WARN__DUPLICATE_METHOD_MATCH = YES;
				COPY_PHASE_STRIP = NO;
				DEBUG_INFORMATION_FORMAT = "dwarf-with-dsym";
				ENABLE_NS_ASSERTIONS = NO;
				ENABLE_STRICT_OBJC_MSGSEND = YES;
				GCC_C_LANGUAGE_STANDARD = gnu11;
				GCC_NO_COMMON_BLOCKS = YES;
				GCC_WARN_64_TO_32_BIT_CONVERSION = YES;
				GCC_WARN_ABOUT_RETURN_TYPE = YES_ERROR;
				GCC_WARN_UNDECLARED_SELECTOR = YES;
				GCC_WARN_UNINITIALIZED_AUTOS = YES_AGGRESSIVE;
				GCC_WARN_UNUSED_FUNCTION = YES;
				GCC_WARN_UNUSED_VARIABLE = YES;
				IPHONEOS_DEPLOYMENT_TARGET = 13.4;
				MTL_ENABLE_DEBUG_INFO = NO;
				MTL_FAST_MATH = YES;
				SDKROOT = iphoneos;
				SWIFT_COMPILATION_MODE = wholemodule;
				SWIFT_OPTIMIZATION_LEVEL = "-O";
				VALIDATE_PRODUCT = YES;
			};
			name = Release;
		};
		B2DC69C6243956BA00FAC895 /* Debug */ = {
			isa = XCBuildConfiguration;
			buildSettings = {
				ASSETCATALOG_COMPILER_APPICON_NAME = AppIcon;
				CODE_SIGN_STYLE = Automatic;
				DEVELOPMENT_ASSET_PATHS = "\"SaulCard/Preview Content\"";
				DEVELOPMENT_TEAM = 8Z429WVSVA;
				ENABLE_PREVIEWS = YES;
				INFOPLIST_FILE = SaulCard/Info.plist;
				LD_RUNPATH_SEARCH_PATHS = (
					"$(inherited)",
					"@executable_path/Frameworks",
				);
				PRODUCT_BUNDLE_IDENTIFIER = com.saulrivera.SaulCard;
				PRODUCT_NAME = "$(TARGET_NAME)";
				SWIFT_VERSION = 5.0;
				TARGETED_DEVICE_FAMILY = "1,2";
			};
			name = Debug;
		};
		B2DC69C7243956BA00FAC895 /* Release */ = {
			isa = XCBuildConfiguration;
			buildSettings = {
				ASSETCATALOG_COMPILER_APPICON_NAME = AppIcon;
				CODE_SIGN_STYLE = Automatic;
				DEVELOPMENT_ASSET_PATHS = "\"SaulCard/Preview Content\"";
				DEVELOPMENT_TEAM = 8Z429WVSVA;
				ENABLE_PREVIEWS = YES;
				INFOPLIST_FILE = SaulCard/Info.plist;
				LD_RUNPATH_SEARCH_PATHS = (
					"$(inherited)",
					"@executable_path/Frameworks",
				);
				PRODUCT_BUNDLE_IDENTIFIER = com.saulrivera.SaulCard;
				PRODUCT_NAME = "$(TARGET_NAME)";
				SWIFT_VERSION = 5.0;
				TARGETED_DEVICE_FAMILY = "1,2";
			};
			name = Release;
		};
/* End XCBuildConfiguration section */

/* Begin XCConfigurationList section */
		B2DC69AC243956B900FAC895 /* Build configuration list for PBXProject "SaulCard" */ = {
			isa = XCConfigurationList;
			buildConfigurations = (
				B2DC69C3243956BA00FAC895 /* Debug */,
				B2DC69C4243956BA00FAC895 /* Release */,
			);
			defaultConfigurationIsVisible = 0;
			defaultConfigurationName = Release;
		};
		B2DC69C5243956BA00FAC895 /* Build configuration list for PBXNativeTarget "SaulCard" */ = {
			isa = XCConfigurationList;
			buildConfigurations = (
				B2DC69C6243956BA00FAC895 /* Debug */,
				B2DC69C7243956BA00FAC895 /* Release */,
			);
			defaultConfigurationIsVisible = 0;
			defaultConfigurationName = Release;
		};
/* End XCConfigurationList section */
	};
	rootObject = B2DC69A9243956B900FAC895 /* Project object */;
}
